
Microsoft Visual Studio Solution File, Format Version 12.00
# Visual Studio Version 17
VisualStudioVersion = 17.10.35027.167
MinimumVisualStudioVersion = 10.0.40219.1
Project("{FAE04EC0-301F-11D3-BF4B-00C04F79EFBC}") = "ScreenSound", "ScreenSound\ScreenSound.csproj", "{13AAFC35-8CCC-4B85-8A2E-05B32D327391}"
EndProject
Global
	GlobalSection(SolutionConfigurationPlatforms) = preSolution
		Debug|Any CPU = Debug|Any CPU
		Release|Any CPU = Release|Any CPU
	EndGlobalSection
	GlobalSection(ProjectConfigurationPlatforms) = postSolution
		{13AAFC35-8CCC-4B85-8A2E-05B32D327391}.Debug|Any CPU.ActiveCfg = Debug|Any CPU
		{13AAFC35-8CCC-4B85-8A2E-05B32D327391}.Debug|Any CPU.Build.0 = Debug|Any CPU
		{13AAFC35-8CCC-4B85-8A2E-05B32D327391}.Release|Any CPU.ActiveCfg = Release|Any CPU
		{13AAFC35-8CCC-4B85-8A2E-05B32D327391}.Release|Any CPU.Build.0 = Release|Any CPU
	EndGlobalSection
	GlobalSection(SolutionProperties) = preSolution
		HideSolutionNode = FALSE
	EndGlobalSection
	GlobalSection(ExtensibilityGlobals) = postSolution
		SolutionGuid = {64942F70-9EF2-4301-A623-1D71B0D78B0D}
	EndGlobalSection
EndGlobal
